
Microsoft Visual Studio Solution File, Format Version 12.00
# Visual Studio 15
VisualStudioVersion = 15.0.27130.0
MinimumVisualStudioVersion = 10.0.40219.1
Project("{2150E333-8FDC-42A3-9474-1A3956D46DE8}") = "test1", "test1", "{36335D46-9B25-4A3E-8B09-3A96DDD65BA8}"
	ProjectSection(SolutionItems) = preProject
		test-instructions.pdf = test-instructions.pdf
	EndProjectSection
EndProject
Project("{F184B08F-C81C-45F6-A57F-5ABD9991F28F}") = "SP.TourismApp.Model", "test1\SP.TourismApp.Model\SP.TourismApp.Model.vbproj", "{3927168D-ABD2-4AE0-B4F4-92859BC18619}"
EndProject
Project("{F184B08F-C81C-45F6-A57F-5ABD9991F28F}") = "SpTourism.Api", "test1\SpTourism.Api\SpTourism.Api.vbproj", "{C01FCB6D-0BC6-4F8C-AF51-22B1E2F51DE6}"
EndProject
Project("{2150E333-8FDC-42A3-9474-1A3956D46DE8}") = "test2", "test2", "{10CADD39-09FE-4723-880D-98F42D39D25F}"
	ProjectSection(SolutionItems) = preProject
		test2\README.md = test2\README.md
	EndProjectSection
EndProject
Project("{FAE04EC0-301F-11D3-BF4B-00C04F79EFBC}") = "fr-stringcalculator", "test2\fr-stringcalculator.csproj", "{6D045FE2-A28C-4D6B-AE2C-1D8E6594259A}"
EndProject
Project("{FAE04EC0-301F-11D3-BF4B-00C04F79EFBC}") = "StringCalculator.Core", "test2\StringCalculator.Core\StringCalculator.Core.csproj", "{810B46A1-5DCE-4B23-8B22-5A5253D4FC26}"
EndProject
Project("{FAE04EC0-301F-11D3-BF4B-00C04F79EFBC}") = "StringCalculator.Tests", "test2\Calculator.Test\StringCalculator.Tests.csproj", "{25F4E45A-46B7-4F1F-A7D8-3220A7DBE66D}"
EndProject
Global
	GlobalSection(SolutionConfigurationPlatforms) = preSolution
		Debug|Any CPU = Debug|Any CPU
		Release|Any CPU = Release|Any CPU
	EndGlobalSection
	GlobalSection(ProjectConfigurationPlatforms) = postSolution
		{3927168D-ABD2-4AE0-B4F4-92859BC18619}.Debug|Any CPU.ActiveCfg = Debug|Any CPU
		{3927168D-ABD2-4AE0-B4F4-92859BC18619}.Debug|Any CPU.Build.0 = Debug|Any CPU
		{3927168D-ABD2-4AE0-B4F4-92859BC18619}.Release|Any CPU.ActiveCfg = Release|Any CPU
		{3927168D-ABD2-4AE0-B4F4-92859BC18619}.Release|Any CPU.Build.0 = Release|Any CPU
		{C01FCB6D-0BC6-4F8C-AF51-22B1E2F51DE6}.Debug|Any CPU.ActiveCfg = Debug|Any CPU
		{C01FCB6D-0BC6-4F8C-AF51-22B1E2F51DE6}.Debug|Any CPU.Build.0 = Debug|Any CPU
		{C01FCB6D-0BC6-4F8C-AF51-22B1E2F51DE6}.Release|Any CPU.ActiveCfg = Release|Any CPU
		{C01FCB6D-0BC6-4F8C-AF51-22B1E2F51DE6}.Release|Any CPU.Build.0 = Release|Any CPU
		{6D045FE2-A28C-4D6B-AE2C-1D8E6594259A}.Debug|Any CPU.ActiveCfg = Debug|Any CPU
		{6D045FE2-A28C-4D6B-AE2C-1D8E6594259A}.Debug|Any CPU.Build.0 = Debug|Any CPU
		{6D045FE2-A28C-4D6B-AE2C-1D8E6594259A}.Release|Any CPU.ActiveCfg = Release|Any CPU
		{6D045FE2-A28C-4D6B-AE2C-1D8E6594259A}.Release|Any CPU.Build.0 = Release|Any CPU
		{810B46A1-5DCE-4B23-8B22-5A5253D4FC26}.Debug|Any CPU.ActiveCfg = Debug|Any CPU
		{810B46A1-5DCE-4B23-8B22-5A5253D4FC26}.Debug|Any CPU.Build.0 = Debug|Any CPU
		{810B46A1-5DCE-4B23-8B22-5A5253D4FC26}.Release|Any CPU.ActiveCfg = Release|Any CPU
		{810B46A1-5DCE-4B23-8B22-5A5253D4FC26}.Release|Any CPU.Build.0 = Release|Any CPU
		{25F4E45A-46B7-4F1F-A7D8-3220A7DBE66D}.Debug|Any CPU.ActiveCfg = Debug|Any CPU
		{25F4E45A-46B7-4F1F-A7D8-3220A7DBE66D}.Debug|Any CPU.Build.0 = Debug|Any CPU
		{25F4E45A-46B7-4F1F-A7D8-3220A7DBE66D}.Release|Any CPU.ActiveCfg = Release|Any CPU
		{25F4E45A-46B7-4F1F-A7D8-3220A7DBE66D}.Release|Any CPU.Build.0 = Release|Any CPU
	EndGlobalSection
	GlobalSection(SolutionProperties) = preSolution
		HideSolutionNode = FALSE
	EndGlobalSection
	GlobalSection(NestedProjects) = preSolution
		{3927168D-ABD2-4AE0-B4F4-92859BC18619} = {36335D46-9B25-4A3E-8B09-3A96DDD65BA8}
		{C01FCB6D-0BC6-4F8C-AF51-22B1E2F51DE6} = {36335D46-9B25-4A3E-8B09-3A96DDD65BA8}
		{6D045FE2-A28C-4D6B-AE2C-1D8E6594259A} = {10CADD39-09FE-4723-880D-98F42D39D25F}
		{810B46A1-5DCE-4B23-8B22-5A5253D4FC26} = {10CADD39-09FE-4723-880D-98F42D39D25F}
		{25F4E45A-46B7-4F1F-A7D8-3220A7DBE66D} = {10CADD39-09FE-4723-880D-98F42D39D25F}
	EndGlobalSection
	GlobalSection(ExtensibilityGlobals) = postSolution
		SolutionGuid = {78AB447E-37EC-4AA4-A9CB-BEAB3EAFC93C}
	EndGlobalSection
EndGlobal
